
Microsoft Visual Studio Solution File, Format Version 12.00
# Visual Studio Version 16
VisualStudioVersion = 16.0.30114.105
MinimumVisualStudioVersion = 10.0.40219.1
Project("{9A19103F-16F7-4668-BE54-9A1E7A4F7556}") = "CardGameAPI", "CardGameAPI\CardGameAPI.csproj", "{AA19A991-E8C5-4897-86FA-C75BBB497A3C}"
EndProject
Project("{FAE04EC0-301F-11D3-BF4B-00C04F79EFBC}") = "CardGameTest", "CardGameTest\CardGameTest.csproj", "{8C7FE0E2-4C5C-455B-9C7B-61365E380058}"
EndProject
Global
	GlobalSection(SolutionConfigurationPlatforms) = preSolution
		Debug|Any CPU = Debug|Any CPU
		Release|Any CPU = Release|Any CPU
	EndGlobalSection
	GlobalSection(ProjectConfigurationPlatforms) = postSolution
		{AA19A991-E8C5-4897-86FA-C75BBB497A3C}.Debug|Any CPU.ActiveCfg = Debug|Any CPU
		{AA19A991-E8C5-4897-86FA-C75BBB497A3C}.Debug|Any CPU.Build.0 = Debug|Any CPU
		{AA19A991-E8C5-4897-86FA-C75BBB497A3C}.Release|Any CPU.ActiveCfg = Release|Any CPU
		{AA19A991-E8C5-4897-86FA-C75BBB497A3C}.Release|Any CPU.Build.0 = Release|Any CPU
		{8C7FE0E2-4C5C-455B-9C7B-61365E380058}.Debug|Any CPU.ActiveCfg = Debug|Any CPU
		{8C7FE0E2-4C5C-455B-9C7B-61365E380058}.Debug|Any CPU.Build.0 = Debug|Any CPU
		{8C7FE0E2-4C5C-455B-9C7B-61365E380058}.Release|Any CPU.ActiveCfg = Release|Any CPU
		{8C7FE0E2-4C5C-455B-9C7B-61365E380058}.Release|Any CPU.Build.0 = Release|Any CPU
	EndGlobalSection
	GlobalSection(SolutionProperties) = preSolution
		HideSolutionNode = FALSE
	EndGlobalSection
	GlobalSection(ExtensibilityGlobals) = postSolution
		SolutionGuid = {A56E0301-7CAD-44D4-8BAC-28E810D9C93C}
	EndGlobalSection
EndGlobal
